
Microsoft Visual Studio Solution File, Format Version 12.00
# Visual Studio 15
VisualStudioVersion = 15.0.28307.645
MinimumVisualStudioVersion = 10.0.40219.1
Project("{FAE04EC0-301F-11D3-BF4B-00C04F79EFBC}") = "Compiler", "Compiler\Compiler.csproj", "{B8301A61-F2D0-41BA-AF0D-12C84EAA06EF}"
EndProject
Global
	GlobalSection(SolutionConfigurationPlatforms) = preSolution
		Debug|Any CPU = Debug|Any CPU
		Release|Any CPU = Release|Any CPU
	EndGlobalSection
	GlobalSection(ProjectConfigurationPlatforms) = postSolution
		{B8301A61-F2D0-41BA-AF0D-12C84EAA06EF}.Debug|Any CPU.ActiveCfg = Debug|Any CPU
		{B8301A61-F2D0-41BA-AF0D-12C84EAA06EF}.Debug|Any CPU.Build.0 = Debug|Any CPU
		{B8301A61-F2D0-41BA-AF0D-12C84EAA06EF}.Release|Any CPU.ActiveCfg = Release|Any CPU
		{B8301A61-F2D0-41BA-AF0D-12C84EAA06EF}.Release|Any CPU.Build.0 = Release|Any CPU
	EndGlobalSection
	GlobalSection(SolutionProperties) = preSolution
		HideSolutionNode = FALSE
	EndGlobalSection
	GlobalSection(ExtensibilityGlobals) = postSolution
		SolutionGuid = {C0748C99-4F48-4D5B-BE22-3F8E0AC1911C}
	EndGlobalSection
EndGlobal
